
Microsoft Visual Studio Solution File, Format Version 12.00
# Visual Studio 2012
Project("{FAE04EC0-301F-11D3-BF4B-00C04F79EFBC}") = "Linq_Select", "Shieldt\Linq_Select.csproj", "{F0FD4B9D-6687-42E6-AA9F-A23CB34D2A6B}"
EndProject
Project("{FAE04EC0-301F-11D3-BF4B-00C04F79EFBC}") = "Linq_Select_2", "Linq_Select_2\Linq_Select_2.csproj", "{DBD0F155-1EA4-441C-942F-6E96A3FD4775}"
EndProject
Project("{FAE04EC0-301F-11D3-BF4B-00C04F79EFBC}") = "Linq_select_3", "Linq_select_3\Linq_select_3.csproj", "{5DDA7FA7-AD4E-469F-A8E5-3E12EEB5D595}"
EndProject
Project("{FAE04EC0-301F-11D3-BF4B-00C04F79EFBC}") = "Linq_from", "Linq_from\Linq_from.csproj", "{F831A2A2-ED56-435A-B16A-3B7BA950A830}"
EndProject
Project("{FAE04EC0-301F-11D3-BF4B-00C04F79EFBC}") = "Linq_group", "Linq_group\Linq_group.csproj", "{C8163DBA-FF11-4F32-A3CA-A0D9E23FC635}"
EndProject
Project("{FAE04EC0-301F-11D3-BF4B-00C04F79EFBC}") = "Linq_into_group", "Linq_into_group\Linq_into_group.csproj", "{83A7E28A-C1AF-4C56-8FF0-1F670267B031}"
EndProject
Project("{FAE04EC0-301F-11D3-BF4B-00C04F79EFBC}") = "Linq_Let", "Linq_Let\Linq_Let.csproj", "{B8E12F58-D0C8-49CA-AFC7-0A22D8CB5AF3}"
EndProject
Project("{FAE04EC0-301F-11D3-BF4B-00C04F79EFBC}") = "Linq_join", "Linq_join\Linq_join.csproj", "{6C5FEBC2-7E11-47BE-8C84-B79B7534FB38}"
EndProject
Project("{FAE04EC0-301F-11D3-BF4B-00C04F79EFBC}") = "EventsProcessing", "EventsProcessing\EventsProcessing.csproj", "{6CCD7771-E282-477E-8B6D-C0E087AA3BFB}"
EndProject
Project("{FAE04EC0-301F-11D3-BF4B-00C04F79EFBC}") = "is", "RTTI\is.csproj", "{476CE433-4A2E-403B-9BDD-FF2F49491A89}"
EndProject
Project("{FAE04EC0-301F-11D3-BF4B-00C04F79EFBC}") = "As", "As\As.csproj", "{73792DCC-4E3C-4957-B807-0887915C5192}"
EndProject
Project("{FAE04EC0-301F-11D3-BF4B-00C04F79EFBC}") = "As_", "As_\As_.csproj", "{F81520AB-1FFE-433A-9280-E7B1F81C307E}"
EndProject
Project("{FAE04EC0-301F-11D3-BF4B-00C04F79EFBC}") = "Reflection_1", "Reflection_1\Reflection_1.csproj", "{19F556AA-752B-420B-B88B-EC92A3662381}"
EndProject
Project("{FAE04EC0-301F-11D3-BF4B-00C04F79EFBC}") = "Reflection_2", "Reflection_2\Reflection_2.csproj", "{21957DDB-403F-48D9-A354-535CA5B35330}"
EndProject
Project("{FAE04EC0-301F-11D3-BF4B-00C04F79EFBC}") = "Reflection_3", "Reflection_3\Reflection_3.csproj", "{CFDE622E-6D88-4269-AAB2-AC215AE45A80}"
EndProject
Project("{FAE04EC0-301F-11D3-BF4B-00C04F79EFBC}") = "Assembly_1", "Assembly_1\Assembly_1.csproj", "{6D4B8861-FA2D-4979-A12C-1AA4A9CC8775}"
EndProject
Project("{FAE04EC0-301F-11D3-BF4B-00C04F79EFBC}") = "Assembly_2", "Assembly_2\Assembly_2.csproj", "{4EB8EE2E-CA83-402B-99E4-92A2640E73B9}"
EndProject
Project("{FAE04EC0-301F-11D3-BF4B-00C04F79EFBC}") = "Automationtypes", "Automationtypes\Automationtypes.csproj", "{96D60688-CEE1-48B2-BE62-633A874E39A2}"
EndProject
Project("{FAE04EC0-301F-11D3-BF4B-00C04F79EFBC}") = "Attributes_1", "Attributes_1\Attributes_1.csproj", "{F3F51746-4E04-4815-9E99-7B72945C46D6}"
EndProject
Project("{FAE04EC0-301F-11D3-BF4B-00C04F79EFBC}") = "Attributes_named_parametrs", "Attributes_named_parametrs\Attributes_named_parametrs.csproj", "{8A80B9D8-488B-4D65-B7B3-950761E14B09}"
EndProject
Project("{FAE04EC0-301F-11D3-BF4B-00C04F79EFBC}") = "Attributes_named_parameters_2", "Attributes_named_parameters_2\Attributes_named_parameters_2.csproj", "{84824ACF-480D-4697-80B0-7D8D5ED3893D}"
EndProject
Project("{FAE04EC0-301F-11D3-BF4B-00C04F79EFBC}") = "Attribute_Conditional", "Attribute_Conditional\Attribute_Conditional.csproj", "{020B62CF-2D51-46DB-A2E0-579A7D484888}"
EndProject
Project("{FAE04EC0-301F-11D3-BF4B-00C04F79EFBC}") = "Attribute_Absolete", "Attribute_Absolete\Attribute_Absolete.csproj", "{794FD589-34CD-46A2-BF13-5E3B700A2F92}"
EndProject
Project("{FAE04EC0-301F-11D3-BF4B-00C04F79EFBC}") = "Generics_Demo_1", "Generics_Demo_1\Generics_Demo_1.csproj", "{6A800442-8DBC-48EF-BF21-EB20E33B147F}"
EndProject
Project("{FAE04EC0-301F-11D3-BF4B-00C04F79EFBC}") = "Generic_NonGen", "Generic_NonGen\Generic_NonGen.csproj", "{2CF858AD-C8E5-4B14-BF9A-121CAEFFA892}"
EndProject
Project("{FAE04EC0-301F-11D3-BF4B-00C04F79EFBC}") = "GenericsWith2parameters", "GenericsWith2parameters\GenericsWith2parameters.csproj", "{74FC09F3-699A-4C5B-BBDD-4E18D713151B}"
EndProject
Project("{FAE04EC0-301F-11D3-BF4B-00C04F79EFBC}") = "Generics_limitation_baseclass", "Generics_limitation_baseclass\Generics_limitation_baseclass.csproj", "{3AF366C7-2D60-4EF9-8323-0B2DC9360237}"
EndProject
Project("{FAE04EC0-301F-11D3-BF4B-00C04F79EFBC}") = "Generics_limitation_baseclass_2", "Generics_limitation_baseclass_2\Generics_limitation_baseclass_2.csproj", "{AF379112-DE98-42B6-A916-19B501CC91E9}"
EndProject
Project("{FAE04EC0-301F-11D3-BF4B-00C04F79EFBC}") = "Generics_limitation_interface", "Generics_limitation_interface\Generics_limitation_interface.csproj", "{A0D7B298-3967-40FB-A727-B2080EB8E369}"
EndProject
Project("{FAE04EC0-301F-11D3-BF4B-00C04F79EFBC}") = "Generics_limitation_constructors", "Generics_limitation_constructors\Generics_limitation_constructors.csproj", "{F7A597DF-C652-4C23-AEF0-019FA3914FA6}"
EndProject
Project("{FAE04EC0-301F-11D3-BF4B-00C04F79EFBC}") = "Generics_limitation_class", "Generics_limitation_class\Generics_limitation_class.csproj", "{9F186677-1FC6-43D4-BD32-71B4AEF1495C}"
EndProject
Project("{FAE04EC0-301F-11D3-BF4B-00C04F79EFBC}") = "Generics_limitation_struct", "Generics_limitation_struct\Generics_limitation_struct.csproj", "{2E8406AE-1457-4A19-A5F3-69905A9D6C69}"
EndProject
Project("{FAE04EC0-301F-11D3-BF4B-00C04F79EFBC}") = "Generics_limitation_of_2_param", "Generics_limitation_of_2_param\Generics_limitation_of_2_param.csproj", "{3130E619-7961-49CC-9821-9296EFD7F283}"
EndProject
Project("{FAE04EC0-301F-11D3-BF4B-00C04F79EFBC}") = "Generics_2_limitations", "Generics_2_limitations\Generics_2_limitations.csproj", "{8AA10C8E-2EB5-4EFA-8D01-DD119922D4A0}"
EndProject
Project("{FAE04EC0-301F-11D3-BF4B-00C04F79EFBC}") = "Generics_struct", "Generics_struct\Generics_struct.csproj", "{ED6FB7F2-383D-4406-8764-41B9B1458FAA}"
EndProject
Project("{FAE04EC0-301F-11D3-BF4B-00C04F79EFBC}") = "Generics_method", "Generics_method\Generics_method.csproj", "{F774BB2B-8B2B-4E57-B7B0-E9DFE9B6FE09}"
EndProject
Project("{FAE04EC0-301F-11D3-BF4B-00C04F79EFBC}") = "Generics_delegate", "Generics_delegate\Generics_delegate.csproj", "{05B52D44-FD0A-425D-9207-FEEEFEE37A30}"
EndProject
Project("{FAE04EC0-301F-11D3-BF4B-00C04F79EFBC}") = "Delegate_interfaces", "Delegate_interfaces\Delegate_interfaces.csproj", "{6E97280E-F977-483A-AD8F-B68939E5122D}"
EndProject
Project("{FAE04EC0-301F-11D3-BF4B-00C04F79EFBC}") = "Generics_override_virtual_methods", "Generics_override_virtual_methods\Generics_override_virtual_methods.csproj", "{6D86E05D-A392-4682-9B24-356FE79EF753}"
EndProject
Project("{FAE04EC0-301F-11D3-BF4B-00C04F79EFBC}") = "Generics_override_methods_with_a few_pram", "Generics_override_methods_with_a few_pram\Generics_override_methods_with_a few_pram.csproj", "{7D452071-0D50-45C1-A9FF-F20FC422013E}"
EndProject
Project("{FAE04EC0-301F-11D3-BF4B-00C04F79EFBC}") = "Generics_ICovarInterface", "Generics_ICovarInterface\Generics_ICovarInterface.csproj", "{16DAC1E3-9209-461B-8A6A-F22C21D7B45B}"
EndProject
Project("{FAE04EC0-301F-11D3-BF4B-00C04F79EFBC}") = "Generics_IContraVarGenIF", "Generics_IContraVarGenIF\Generics_IContraVarGenIF.csproj", "{023DD4BF-1355-4BD9-8A03-07797A176D96}"
EndProject
Project("{FAE04EC0-301F-11D3-BF4B-00C04F79EFBC}") = "Generics_Var_delegates", "Generics_Var_delegates\Generics_Var_delegates.csproj", "{998E0344-8542-498E-823C-AA7E35948A26}"
EndProject
Project("{FAE04EC0-301F-11D3-BF4B-00C04F79EFBC}") = "Linq_Query_simple", "Linq_Query_simple\Linq_Query_simple.csproj", "{E85CF2E9-5121-49FC-A33E-20751E26E78F}"
EndProject
Project("{FAE04EC0-301F-11D3-BF4B-00C04F79EFBC}") = "Linq_Simple_Query_many", "Linq_Simple_Query_many\Linq_Simple_Query_many.csproj", "{45D887F1-8EA3-4471-947B-240F68528ACE}"
EndProject
Project("{FAE04EC0-301F-11D3-BF4B-00C04F79EFBC}") = "Linq_2_wheres", "Linq_where\Linq_2_wheres.csproj", "{B0D4262E-0E17-454D-8CE1-83300E5F2035}"
EndProject
Project("{FAE04EC0-301F-11D3-BF4B-00C04F79EFBC}") = "Linq_orderby", "Linq_orderby\Linq_orderby.csproj", "{5DA255DE-1BEF-4FAB-9702-4385C9C75A5F}"
EndProject
Project("{FAE04EC0-301F-11D3-BF4B-00C04F79EFBC}") = "Linq_Several_Criteria", "Linq_Several_Criteria\Linq_Several_Criteria.csproj", "{69AE38F8-5117-4D64-BB8E-09B49B63AA36}"
EndProject
Project("{FAE04EC0-301F-11D3-BF4B-00C04F79EFBC}") = "Linq_AnonType", "Linq_AnonType\Linq_AnonType.csproj", "{F5BA7631-75D8-4286-A7EA-090FD83789D3}"
EndProject
Project("{FAE04EC0-301F-11D3-BF4B-00C04F79EFBC}") = "Linq_GroupJoin", "Linq_GroupJoin\Linq_GroupJoin.csproj", "{90A39003-3F75-4A45-94A1-A11BB33A3E12}"
EndProject
Global
	GlobalSection(SolutionConfigurationPlatforms) = preSolution
		Debug|Any CPU = Debug|Any CPU
		Debug|Mixed Platforms = Debug|Mixed Platforms
		Debug|Win32 = Debug|Win32
		Release|Any CPU = Release|Any CPU
		Release|Mixed Platforms = Release|Mixed Platforms
		Release|Win32 = Release|Win32
	EndGlobalSection
	GlobalSection(ProjectConfigurationPlatforms) = postSolution
		{F0FD4B9D-6687-42E6-AA9F-A23CB34D2A6B}.Debug|Any CPU.ActiveCfg = Debug|Any CPU
		{F0FD4B9D-6687-42E6-AA9F-A23CB34D2A6B}.Debug|Any CPU.Build.0 = Debug|Any CPU
		{F0FD4B9D-6687-42E6-AA9F-A23CB34D2A6B}.Debug|Mixed Platforms.ActiveCfg = Debug|Any CPU
		{F0FD4B9D-6687-42E6-AA9F-A23CB34D2A6B}.Debug|Win32.ActiveCfg = Debug|Any CPU
		{F0FD4B9D-6687-42E6-AA9F-A23CB34D2A6B}.Release|Any CPU.ActiveCfg = Release|Any CPU
		{F0FD4B9D-6687-42E6-AA9F-A23CB34D2A6B}.Release|Any CPU.Build.0 = Release|Any CPU
		{F0FD4B9D-6687-42E6-AA9F-A23CB34D2A6B}.Release|Mixed Platforms.ActiveCfg = Release|Any CPU
		{F0FD4B9D-6687-42E6-AA9F-A23CB34D2A6B}.Release|Win32.ActiveCfg = Release|Any CPU
		{DBD0F155-1EA4-441C-942F-6E96A3FD4775}.Debug|Any CPU.ActiveCfg = Debug|Any CPU
		{DBD0F155-1EA4-441C-942F-6E96A3FD4775}.Debug|Any CPU.Build.0 = Debug|Any CPU
		{DBD0F155-1EA4-441C-942F-6E96A3FD4775}.Debug|Mixed Platforms.ActiveCfg = Debug|Any CPU
		{DBD0F155-1EA4-441C-942F-6E96A3FD4775}.Debug|Win32.ActiveCfg = Debug|Any CPU
		{DBD0F155-1EA4-441C-942F-6E96A3FD4775}.Release|Any CPU.ActiveCfg = Release|Any CPU
		{DBD0F155-1EA4-441C-942F-6E96A3FD4775}.Release|Any CPU.Build.0 = Release|Any CPU
		{DBD0F155-1EA4-441C-942F-6E96A3FD4775}.Release|Mixed Platforms.ActiveCfg = Release|Any CPU
		{DBD0F155-1EA4-441C-942F-6E96A3FD4775}.Release|Win32.ActiveCfg = Release|Any CPU
		{5DDA7FA7-AD4E-469F-A8E5-3E12EEB5D595}.Debug|Any CPU.ActiveCfg = Debug|Any CPU
		{5DDA7FA7-AD4E-469F-A8E5-3E12EEB5D595}.Debug|Any CPU.Build.0 = Debug|Any CPU
		{5DDA7FA7-AD4E-469F-A8E5-3E12EEB5D595}.Debug|Mixed Platforms.ActiveCfg = Debug|Any CPU
		{5DDA7FA7-AD4E-469F-A8E5-3E12EEB5D595}.Debug|Win32.ActiveCfg = Debug|Any CPU
		{5DDA7FA7-AD4E-469F-A8E5-3E12EEB5D595}.Release|Any CPU.ActiveCfg = Release|Any CPU
		{5DDA7FA7-AD4E-469F-A8E5-3E12EEB5D595}.Release|Any CPU.Build.0 = Release|Any CPU
		{5DDA7FA7-AD4E-469F-A8E5-3E12EEB5D595}.Release|Mixed Platforms.ActiveCfg = Release|Any CPU
		{5DDA7FA7-AD4E-469F-A8E5-3E12EEB5D595}.Release|Win32.ActiveCfg = Release|Any CPU
		{F831A2A2-ED56-435A-B16A-3B7BA950A830}.Debug|Any CPU.ActiveCfg = Debug|Any CPU
		{F831A2A2-ED56-435A-B16A-3B7BA950A830}.Debug|Any CPU.Build.0 = Debug|Any CPU
		{F831A2A2-ED56-435A-B16A-3B7BA950A830}.Debug|Mixed Platforms.ActiveCfg = Debug|Any CPU
		{F831A2A2-ED56-435A-B16A-3B7BA950A830}.Debug|Win32.ActiveCfg = Debug|Any CPU
		{F831A2A2-ED56-435A-B16A-3B7BA950A830}.Release|Any CPU.ActiveCfg = Release|Any CPU
		{F831A2A2-ED56-435A-B16A-3B7BA950A830}.Release|Any CPU.Build.0 = Release|Any CPU
		{F831A2A2-ED56-435A-B16A-3B7BA950A830}.Release|Mixed Platforms.ActiveCfg = Release|Any CPU
		{F831A2A2-ED56-435A-B16A-3B7BA950A830}.Release|Win32.ActiveCfg = Release|Any CPU
		{C8163DBA-FF11-4F32-A3CA-A0D9E23FC635}.Debug|Any CPU.ActiveCfg = Debug|Any CPU
		{C8163DBA-FF11-4F32-A3CA-A0D9E23FC635}.Debug|Any CPU.Build.0 = Debug|Any CPU
		{C8163DBA-FF11-4F32-A3CA-A0D9E23FC635}.Debug|Mixed Platforms.ActiveCfg = Debug|Any CPU
		{C8163DBA-FF11-4F32-A3CA-A0D9E23FC635}.Debug|Win32.ActiveCfg = Debug|Any CPU
		{C8163DBA-FF11-4F32-A3CA-A0D9E23FC635}.Release|Any CPU.ActiveCfg = Release|Any CPU
		{C8163DBA-FF11-4F32-A3CA-A0D9E23FC635}.Release|Any CPU.Build.0 = Release|Any CPU
		{C8163DBA-FF11-4F32-A3CA-A0D9E23FC635}.Release|Mixed Platforms.ActiveCfg = Release|Any CPU
		{C8163DBA-FF11-4F32-A3CA-A0D9E23FC635}.Release|Win32.ActiveCfg = Release|Any CPU
		{83A7E28A-C1AF-4C56-8FF0-1F670267B031}.Debug|Any CPU.ActiveCfg = Debug|Any CPU
		{83A7E28A-C1AF-4C56-8FF0-1F670267B031}.Debug|Any CPU.Build.0 = Debug|Any CPU
		{83A7E28A-C1AF-4C56-8FF0-1F670267B031}.Debug|Mixed Platforms.ActiveCfg = Debug|Any CPU
		{83A7E28A-C1AF-4C56-8FF0-1F670267B031}.Debug|Win32.ActiveCfg = Debug|Any CPU
		{83A7E28A-C1AF-4C56-8FF0-1F670267B031}.Release|Any CPU.ActiveCfg = Release|Any CPU
		{83A7E28A-C1AF-4C56-8FF0-1F670267B031}.Release|Any CPU.Build.0 = Release|Any CPU
		{83A7E28A-C1AF-4C56-8FF0-1F670267B031}.Release|Mixed Platforms.ActiveCfg = Release|Any CPU
		{83A7E28A-C1AF-4C56-8FF0-1F670267B031}.Release|Win32.ActiveCfg = Release|Any CPU
		{B8E12F58-D0C8-49CA-AFC7-0A22D8CB5AF3}.Debug|Any CPU.ActiveCfg = Debug|Any CPU
		{B8E12F58-D0C8-49CA-AFC7-0A22D8CB5AF3}.Debug|Any CPU.Build.0 = Debug|Any CPU
		{B8E12F58-D0C8-49CA-AFC7-0A22D8CB5AF3}.Debug|Mixed Platforms.ActiveCfg = Debug|Any CPU
		{B8E12F58-D0C8-49CA-AFC7-0A22D8CB5AF3}.Debug|Win32.ActiveCfg = Debug|Any CPU
		{B8E12F58-D0C8-49CA-AFC7-0A22D8CB5AF3}.Release|Any CPU.ActiveCfg = Release|Any CPU
		{B8E12F58-D0C8-49CA-AFC7-0A22D8CB5AF3}.Release|Any CPU.Build.0 = Release|Any CPU
		{B8E12F58-D0C8-49CA-AFC7-0A22D8CB5AF3}.Release|Mixed Platforms.ActiveCfg = Release|Any CPU
		{B8E12F58-D0C8-49CA-AFC7-0A22D8CB5AF3}.Release|Win32.ActiveCfg = Release|Any CPU
		{6C5FEBC2-7E11-47BE-8C84-B79B7534FB38}.Debug|Any CPU.ActiveCfg = Debug|Any CPU
		{6C5FEBC2-7E11-47BE-8C84-B79B7534FB38}.Debug|Any CPU.Build.0 = Debug|Any CPU
		{6C5FEBC2-7E11-47BE-8C84-B79B7534FB38}.Debug|Mixed Platforms.ActiveCfg = Debug|Any CPU
		{6C5FEBC2-7E11-47BE-8C84-B79B7534FB38}.Debug|Mixed Platforms.Build.0 = Debug|Any CPU
		{6C5FEBC2-7E11-47BE-8C84-B79B7534FB38}.Debug|Win32.ActiveCfg = Debug|Any CPU
		{6C5FEBC2-7E11-47BE-8C84-B79B7534FB38}.Release|Any CPU.ActiveCfg = Release|Any CPU
		{6C5FEBC2-7E11-47BE-8C84-B79B7534FB38}.Release|Any CPU.Build.0 = Release|Any CPU
		{6C5FEBC2-7E11-47BE-8C84-B79B7534FB38}.Release|Mixed Platforms.ActiveCfg = Release|Any CPU
		{6C5FEBC2-7E11-47BE-8C84-B79B7534FB38}.Release|Mixed Platforms.Build.0 = Release|Any CPU
		{6C5FEBC2-7E11-47BE-8C84-B79B7534FB38}.Release|Win32.ActiveCfg = Release|Any CPU
		{6CCD7771-E282-477E-8B6D-C0E087AA3BFB}.Debug|Any CPU.ActiveCfg = Debug|Any CPU
		{6CCD7771-E282-477E-8B6D-C0E087AA3BFB}.Debug|Any CPU.Build.0 = Debug|Any CPU
		{6CCD7771-E282-477E-8B6D-C0E087AA3BFB}.Debug|Mixed Platforms.ActiveCfg = Debug|Any CPU
		{6CCD7771-E282-477E-8B6D-C0E087AA3BFB}.Debug|Mixed Platforms.Build.0 = Debug|Any CPU
		{6CCD7771-E282-477E-8B6D-C0E087AA3BFB}.Debug|Win32.ActiveCfg = Debug|Any CPU
		{6CCD7771-E282-477E-8B6D-C0E087AA3BFB}.Release|Any CPU.ActiveCfg = Release|Any CPU
		{6CCD7771-E282-477E-8B6D-C0E087AA3BFB}.Release|Any CPU.Build.0 = Release|Any CPU
		{6CCD7771-E282-477E-8B6D-C0E087AA3BFB}.Release|Mixed Platforms.ActiveCfg = Release|Any CPU
		{6CCD7771-E282-477E-8B6D-C0E087AA3BFB}.Release|Mixed Platforms.Build.0 = Release|Any CPU
		{6CCD7771-E282-477E-8B6D-C0E087AA3BFB}.Release|Win32.ActiveCfg = Release|Any CPU
		{476CE433-4A2E-403B-9BDD-FF2F49491A89}.Debug|Any CPU.ActiveCfg = Debug|Any CPU
		{476CE433-4A2E-403B-9BDD-FF2F49491A89}.Debug|Any CPU.Build.0 = Debug|Any CPU
		{476CE433-4A2E-403B-9BDD-FF2F49491A89}.Debug|Mixed Platforms.ActiveCfg = Debug|Any CPU
		{476CE433-4A2E-403B-9BDD-FF2F49491A89}.Debug|Mixed Platforms.Build.0 = Debug|Any CPU
		{476CE433-4A2E-403B-9BDD-FF2F49491A89}.Debug|Win32.ActiveCfg = Debug|Any CPU
		{476CE433-4A2E-403B-9BDD-FF2F49491A89}.Release|Any CPU.ActiveCfg = Release|Any CPU
		{476CE433-4A2E-403B-9BDD-FF2F49491A89}.Release|Any CPU.Build.0 = Release|Any CPU
		{476CE433-4A2E-403B-9BDD-FF2F49491A89}.Release|Mixed Platforms.ActiveCfg = Release|Any CPU
		{476CE433-4A2E-403B-9BDD-FF2F49491A89}.Release|Mixed Platforms.Build.0 = Release|Any CPU
		{476CE433-4A2E-403B-9BDD-FF2F49491A89}.Release|Win32.ActiveCfg = Release|Any CPU
		{73792DCC-4E3C-4957-B807-0887915C5192}.Debug|Any CPU.ActiveCfg = Debug|Any CPU
		{73792DCC-4E3C-4957-B807-0887915C5192}.Debug|Any CPU.Build.0 = Debug|Any CPU
		{73792DCC-4E3C-4957-B807-0887915C5192}.Debug|Mixed Platforms.ActiveCfg = Debug|Any CPU
		{73792DCC-4E3C-4957-B807-0887915C5192}.Debug|Mixed Platforms.Build.0 = Debug|Any CPU
		{73792DCC-4E3C-4957-B807-0887915C5192}.Debug|Win32.ActiveCfg = Debug|Any CPU
		{73792DCC-4E3C-4957-B807-0887915C5192}.Release|Any CPU.ActiveCfg = Release|Any CPU
		{73792DCC-4E3C-4957-B807-0887915C5192}.Release|Any CPU.Build.0 = Release|Any CPU
		{73792DCC-4E3C-4957-B807-0887915C5192}.Release|Mixed Platforms.ActiveCfg = Release|Any CPU
		{73792DCC-4E3C-4957-B807-0887915C5192}.Release|Mixed Platforms.Build.0 = Release|Any CPU
		{73792DCC-4E3C-4957-B807-0887915C5192}.Release|Win32.ActiveCfg = Release|Any CPU
		{F81520AB-1FFE-433A-9280-E7B1F81C307E}.Debug|Any CPU.ActiveCfg = Debug|Any CPU
		{F81520AB-1FFE-433A-9280-E7B1F81C307E}.Debug|Any CPU.Build.0 = Debug|Any CPU
		{F81520AB-1FFE-433A-9280-E7B1F81C307E}.Debug|Mixed Platforms.ActiveCfg = Debug|Any CPU
		{F81520AB-1FFE-433A-9280-E7B1F81C307E}.Debug|Mixed Platforms.Build.0 = Debug|Any CPU
		{F81520AB-1FFE-433A-9280-E7B1F81C307E}.Debug|Win32.ActiveCfg = Debug|Any CPU
		{F81520AB-1FFE-433A-9280-E7B1F81C307E}.Release|Any CPU.ActiveCfg = Release|Any CPU
		{F81520AB-1FFE-433A-9280-E7B1F81C307E}.Release|Any CPU.Build.0 = Release|Any CPU
		{F81520AB-1FFE-433A-9280-E7B1F81C307E}.Release|Mixed Platforms.ActiveCfg = Release|Any CPU
		{F81520AB-1FFE-433A-9280-E7B1F81C307E}.Release|Mixed Platforms.Build.0 = Release|Any CPU
		{F81520AB-1FFE-433A-9280-E7B1F81C307E}.Release|Win32.ActiveCfg = Release|Any CPU
		{19F556AA-752B-420B-B88B-EC92A3662381}.Debug|Any CPU.ActiveCfg = Debug|Any CPU
		{19F556AA-752B-420B-B88B-EC92A3662381}.Debug|Any CPU.Build.0 = Debug|Any CPU
		{19F556AA-752B-420B-B88B-EC92A3662381}.Debug|Mixed Platforms.ActiveCfg = Debug|Any CPU
		{19F556AA-752B-420B-B88B-EC92A3662381}.Debug|Mixed Platforms.Build.0 = Debug|Any CPU
		{19F556AA-752B-420B-B88B-EC92A3662381}.Debug|Win32.ActiveCfg = Debug|Any CPU
		{19F556AA-752B-420B-B88B-EC92A3662381}.Release|Any CPU.ActiveCfg = Release|Any CPU
		{19F556AA-752B-420B-B88B-EC92A3662381}.Release|Any CPU.Build.0 = Release|Any CPU
		{19F556AA-752B-420B-B88B-EC92A3662381}.Release|Mixed Platforms.ActiveCfg = Release|Any CPU
		{19F556AA-752B-420B-B88B-EC92A3662381}.Release|Mixed Platforms.Build.0 = Release|Any CPU
		{19F556AA-752B-420B-B88B-EC92A3662381}.Release|Win32.ActiveCfg = Release|Any CPU
		{21957DDB-403F-48D9-A354-535CA5B35330}.Debug|Any CPU.ActiveCfg = Debug|Any CPU
		{21957DDB-403F-48D9-A354-535CA5B35330}.Debug|Any CPU.Build.0 = Debug|Any CPU
		{21957DDB-403F-48D9-A354-535CA5B35330}.Debug|Mixed Platforms.ActiveCfg = Debug|Any CPU
		{21957DDB-403F-48D9-A354-535CA5B35330}.Debug|Mixed Platforms.Build.0 = Debug|Any CPU
		{21957DDB-403F-48D9-A354-535CA5B35330}.Debug|Win32.ActiveCfg = Debug|Any CPU
		{21957DDB-403F-48D9-A354-535CA5B35330}.Release|Any CPU.ActiveCfg = Release|Any CPU
		{21957DDB-403F-48D9-A354-535CA5B35330}.Release|Any CPU.Build.0 = Release|Any CPU
		{21957DDB-403F-48D9-A354-535CA5B35330}.Release|Mixed Platforms.ActiveCfg = Release|Any CPU
		{21957DDB-403F-48D9-A354-535CA5B35330}.Release|Mixed Platforms.Build.0 = Release|Any CPU
		{21957DDB-403F-48D9-A354-535CA5B35330}.Release|Win32.ActiveCfg = Release|Any CPU
		{CFDE622E-6D88-4269-AAB2-AC215AE45A80}.Debug|Any CPU.ActiveCfg = Debug|Any CPU
		{CFDE622E-6D88-4269-AAB2-AC215AE45A80}.Debug|Any CPU.Build.0 = Debug|Any CPU
		{CFDE622E-6D88-4269-AAB2-AC215AE45A80}.Debug|Mixed Platforms.ActiveCfg = Debug|Any CPU
		{CFDE622E-6D88-4269-AAB2-AC215AE45A80}.Debug|Mixed Platforms.Build.0 = Debug|Any CPU
		{CFDE622E-6D88-4269-AAB2-AC215AE45A80}.Debug|Win32.ActiveCfg = Debug|Any CPU
		{CFDE622E-6D88-4269-AAB2-AC215AE45A80}.Release|Any CPU.ActiveCfg = Release|Any CPU
		{CFDE622E-6D88-4269-AAB2-AC215AE45A80}.Release|Any CPU.Build.0 = Release|Any CPU
		{CFDE622E-6D88-4269-AAB2-AC215AE45A80}.Release|Mixed Platforms.ActiveCfg = Release|Any CPU
		{CFDE622E-6D88-4269-AAB2-AC215AE45A80}.Release|Mixed Platforms.Build.0 = Release|Any CPU
		{CFDE622E-6D88-4269-AAB2-AC215AE45A80}.Release|Win32.ActiveCfg = Release|Any CPU
		{6D4B8861-FA2D-4979-A12C-1AA4A9CC8775}.Debug|Any CPU.ActiveCfg = Debug|Any CPU
		{6D4B8861-FA2D-4979-A12C-1AA4A9CC8775}.Debug|Any CPU.Build.0 = Debug|Any CPU
		{6D4B8861-FA2D-4979-A12C-1AA4A9CC8775}.Debug|Mixed Platforms.ActiveCfg = Debug|Any CPU
		{6D4B8861-FA2D-4979-A12C-1AA4A9CC8775}.Debug|Mixed Platforms.Build.0 = Debug|Any CPU
		{6D4B8861-FA2D-4979-A12C-1AA4A9CC8775}.Debug|Win32.ActiveCfg = Debug|Any CPU
		{6D4B8861-FA2D-4979-A12C-1AA4A9CC8775}.Release|Any CPU.ActiveCfg = Release|Any CPU
		{6D4B8861-FA2D-4979-A12C-1AA4A9CC8775}.Release|Any CPU.Build.0 = Release|Any CPU
		{6D4B8861-FA2D-4979-A12C-1AA4A9CC8775}.Release|Mixed Platforms.ActiveCfg = Release|Any CPU
		{6D4B8861-FA2D-4979-A12C-1AA4A9CC8775}.Release|Mixed Platforms.Build.0 = Release|Any CPU
		{6D4B8861-FA2D-4979-A12C-1AA4A9CC8775}.Release|Win32.ActiveCfg = Release|Any CPU
		{4EB8EE2E-CA83-402B-99E4-92A2640E73B9}.Debug|Any CPU.ActiveCfg = Debug|Any CPU
		{4EB8EE2E-CA83-402B-99E4-92A2640E73B9}.Debug|Any CPU.Build.0 = Debug|Any CPU
		{4EB8EE2E-CA83-402B-99E4-92A2640E73B9}.Debug|Mixed Platforms.ActiveCfg = Debug|Any CPU
		{4EB8EE2E-CA83-402B-99E4-92A2640E73B9}.Debug|Mixed Platforms.Build.0 = Debug|Any CPU
		{4EB8EE2E-CA83-402B-99E4-92A2640E73B9}.Debug|Win32.ActiveCfg = Debug|Any CPU
		{4EB8EE2E-CA83-402B-99E4-92A2640E73B9}.Release|Any CPU.ActiveCfg = Release|Any CPU
		{4EB8EE2E-CA83-402B-99E4-92A2640E73B9}.Release|Any CPU.Build.0 = Release|Any CPU
		{4EB8EE2E-CA83-402B-99E4-92A2640E73B9}.Release|Mixed Platforms.ActiveCfg = Release|Any CPU
		{4EB8EE2E-CA83-402B-99E4-92A2640E73B9}.Release|Mixed Platforms.Build.0 = Release|Any CPU
		{4EB8EE2E-CA83-402B-99E4-92A2640E73B9}.Release|Win32.ActiveCfg = Release|Any CPU
		{96D60688-CEE1-48B2-BE62-633A874E39A2}.Debug|Any CPU.ActiveCfg = Debug|Any CPU
		{96D60688-CEE1-48B2-BE62-633A874E39A2}.Debug|Any CPU.Build.0 = Debug|Any CPU
		{96D60688-CEE1-48B2-BE62-633A874E39A2}.Debug|Mixed Platforms.ActiveCfg = Debug|Any CPU
		{96D60688-CEE1-48B2-BE62-633A874E39A2}.Debug|Mixed Platforms.Build.0 = Debug|Any CPU
		{96D60688-CEE1-48B2-BE62-633A874E39A2}.Debug|Win32.ActiveCfg = Debug|Any CPU
		{96D60688-CEE1-48B2-BE62-633A874E39A2}.Release|Any CPU.ActiveCfg = Release|Any CPU
		{96D60688-CEE1-48B2-BE62-633A874E39A2}.Release|Any CPU.Build.0 = Release|Any CPU
		{96D60688-CEE1-48B2-BE62-633A874E39A2}.Release|Mixed Platforms.ActiveCfg = Release|Any CPU
		{96D60688-CEE1-48B2-BE62-633A874E39A2}.Release|Mixed Platforms.Build.0 = Release|Any CPU
		{96D60688-CEE1-48B2-BE62-633A874E39A2}.Release|Win32.ActiveCfg = Release|Any CPU
		{F3F51746-4E04-4815-9E99-7B72945C46D6}.Debug|Any CPU.ActiveCfg = Debug|Any CPU
		{F3F51746-4E04-4815-9E99-7B72945C46D6}.Debug|Any CPU.Build.0 = Debug|Any CPU
		{F3F51746-4E04-4815-9E99-7B72945C46D6}.Debug|Mixed Platforms.ActiveCfg = Debug|Any CPU
		{F3F51746-4E04-4815-9E99-7B72945C46D6}.Debug|Mixed Platforms.Build.0 = Debug|Any CPU
		{F3F51746-4E04-4815-9E99-7B72945C46D6}.Debug|Win32.ActiveCfg = Debug|Any CPU
		{F3F51746-4E04-4815-9E99-7B72945C46D6}.Release|Any CPU.ActiveCfg = Release|Any CPU
		{F3F51746-4E04-4815-9E99-7B72945C46D6}.Release|Any CPU.Build.0 = Release|Any CPU
		{F3F51746-4E04-4815-9E99-7B72945C46D6}.Release|Mixed Platforms.ActiveCfg = Release|Any CPU
		{F3F51746-4E04-4815-9E99-7B72945C46D6}.Release|Mixed Platforms.Build.0 = Release|Any CPU
		{F3F51746-4E04-4815-9E99-7B72945C46D6}.Release|Win32.ActiveCfg = Release|Any CPU
		{8A80B9D8-488B-4D65-B7B3-950761E14B09}.Debug|Any CPU.ActiveCfg = Debug|Any CPU
		{8A80B9D8-488B-4D65-B7B3-950761E14B09}.Debug|Any CPU.Build.0 = Debug|Any CPU
		{8A80B9D8-488B-4D65-B7B3-950761E14B09}.Debug|Mixed Platforms.ActiveCfg = Debug|Any CPU
		{8A80B9D8-488B-4D65-B7B3-950761E14B09}.Debug|Mixed Platforms.Build.0 = Debug|Any CPU
		{8A80B9D8-488B-4D65-B7B3-950761E14B09}.Debug|Win32.ActiveCfg = Debug|Any CPU
		{8A80B9D8-488B-4D65-B7B3-950761E14B09}.Release|Any CPU.ActiveCfg = Release|Any CPU
		{8A80B9D8-488B-4D65-B7B3-950761E14B09}.Release|Any CPU.Build.0 = Release|Any CPU
		{8A80B9D8-488B-4D65-B7B3-950761E14B09}.Release|Mixed Platforms.ActiveCfg = Release|Any CPU
		{8A80B9D8-488B-4D65-B7B3-950761E14B09}.Release|Mixed Platforms.Build.0 = Release|Any CPU
		{8A80B9D8-488B-4D65-B7B3-950761E14B09}.Release|Win32.ActiveCfg = Release|Any CPU
		{84824ACF-480D-4697-80B0-7D8D5ED3893D}.Debug|Any CPU.ActiveCfg = Debug|Any CPU
		{84824ACF-480D-4697-80B0-7D8D5ED3893D}.Debug|Any CPU.Build.0 = Debug|Any CPU
		{84824ACF-480D-4697-80B0-7D8D5ED3893D}.Debug|Mixed Platforms.ActiveCfg = Debug|Any CPU
		{84824ACF-480D-4697-80B0-7D8D5ED3893D}.Debug|Mixed Platforms.Build.0 = Debug|Any CPU
		{84824ACF-480D-4697-80B0-7D8D5ED3893D}.Debug|Win32.ActiveCfg = Debug|Any CPU
		{84824ACF-480D-4697-80B0-7D8D5ED3893D}.Release|Any CPU.ActiveCfg = Release|Any CPU
		{84824ACF-480D-4697-80B0-7D8D5ED3893D}.Release|Any CPU.Build.0 = Release|Any CPU
		{84824ACF-480D-4697-80B0-7D8D5ED3893D}.Release|Mixed Platforms.ActiveCfg = Release|Any CPU
		{84824ACF-480D-4697-80B0-7D8D5ED3893D}.Release|Mixed Platforms.Build.0 = Release|Any CPU
		{84824ACF-480D-4697-80B0-7D8D5ED3893D}.Release|Win32.ActiveCfg = Release|Any CPU
		{020B62CF-2D51-46DB-A2E0-579A7D484888}.Debug|Any CPU.ActiveCfg = Debug|Any CPU
		{020B62CF-2D51-46DB-A2E0-579A7D484888}.Debug|Any CPU.Build.0 = Debug|Any CPU
		{020B62CF-2D51-46DB-A2E0-579A7D484888}.Debug|Mixed Platforms.ActiveCfg = Debug|Any CPU
		{020B62CF-2D51-46DB-A2E0-579A7D484888}.Debug|Mixed Platforms.Build.0 = Debug|Any CPU
		{020B62CF-2D51-46DB-A2E0-579A7D484888}.Debug|Win32.ActiveCfg = Debug|Any CPU
		{020B62CF-2D51-46DB-A2E0-579A7D484888}.Release|Any CPU.ActiveCfg = Release|Any CPU
		{020B62CF-2D51-46DB-A2E0-579A7D484888}.Release|Any CPU.Build.0 = Release|Any CPU
		{020B62CF-2D51-46DB-A2E0-579A7D484888}.Release|Mixed Platforms.ActiveCfg = Release|Any CPU
		{020B62CF-2D51-46DB-A2E0-579A7D484888}.Release|Mixed Platforms.Build.0 = Release|Any CPU
		{020B62CF-2D51-46DB-A2E0-579A7D484888}.Release|Win32.ActiveCfg = Release|Any CPU
		{794FD589-34CD-46A2-BF13-5E3B700A2F92}.Debug|Any CPU.ActiveCfg = Debug|Any CPU
		{794FD589-34CD-46A2-BF13-5E3B700A2F92}.Debug|Any CPU.Build.0 = Debug|Any CPU
		{794FD589-34CD-46A2-BF13-5E3B700A2F92}.Debug|Mixed Platforms.ActiveCfg = Debug|Any CPU
		{794FD589-34CD-46A2-BF13-5E3B700A2F92}.Debug|Mixed Platforms.Build.0 = Debug|Any CPU
		{794FD589-34CD-46A2-BF13-5E3B700A2F92}.Debug|Win32.ActiveCfg = Debug|Any CPU
		{794FD589-34CD-46A2-BF13-5E3B700A2F92}.Release|Any CPU.ActiveCfg = Release|Any CPU
		{794FD589-34CD-46A2-BF13-5E3B700A2F92}.Release|Any CPU.Build.0 = Release|Any CPU
		{794FD589-34CD-46A2-BF13-5E3B700A2F92}.Release|Mixed Platforms.ActiveCfg = Release|Any CPU
		{794FD589-34CD-46A2-BF13-5E3B700A2F92}.Release|Mixed Platforms.Build.0 = Release|Any CPU
		{794FD589-34CD-46A2-BF13-5E3B700A2F92}.Release|Win32.ActiveCfg = Release|Any CPU
		{6A800442-8DBC-48EF-BF21-EB20E33B147F}.Debug|Any CPU.ActiveCfg = Debug|Any CPU
		{6A800442-8DBC-48EF-BF21-EB20E33B147F}.Debug|Any CPU.Build.0 = Debug|Any CPU
		{6A800442-8DBC-48EF-BF21-EB20E33B147F}.Debug|Mixed Platforms.ActiveCfg = Debug|Any CPU
		{6A800442-8DBC-48EF-BF21-EB20E33B147F}.Debug|Mixed Platforms.Build.0 = Debug|Any CPU
		{6A800442-8DBC-48EF-BF21-EB20E33B147F}.Debug|Win32.ActiveCfg = Debug|Any CPU
		{6A800442-8DBC-48EF-BF21-EB20E33B147F}.Release|Any CPU.ActiveCfg = Release|Any CPU
		{6A800442-8DBC-48EF-BF21-EB20E33B147F}.Release|Any CPU.Build.0 = Release|Any CPU
		{6A800442-8DBC-48EF-BF21-EB20E33B147F}.Release|Mixed Platforms.ActiveCfg = Release|Any CPU
		{6A800442-8DBC-48EF-BF21-EB20E33B147F}.Release|Mixed Platforms.Build.0 = Release|Any CPU
		{6A800442-8DBC-48EF-BF21-EB20E33B147F}.Release|Win32.ActiveCfg = Release|Any CPU
		{2CF858AD-C8E5-4B14-BF9A-121CAEFFA892}.Debug|Any CPU.ActiveCfg = Debug|Any CPU
		{2CF858AD-C8E5-4B14-BF9A-121CAEFFA892}.Debug|Any CPU.Build.0 = Debug|Any CPU
		{2CF858AD-C8E5-4B14-BF9A-121CAEFFA892}.Debug|Mixed Platforms.ActiveCfg = Debug|Any CPU
		{2CF858AD-C8E5-4B14-BF9A-121CAEFFA892}.Debug|Mixed Platforms.Build.0 = Debug|Any CPU
		{2CF858AD-C8E5-4B14-BF9A-121CAEFFA892}.Debug|Win32.ActiveCfg = Debug|Any CPU
		{2CF858AD-C8E5-4B14-BF9A-121CAEFFA892}.Release|Any CPU.ActiveCfg = Release|Any CPU
		{2CF858AD-C8E5-4B14-BF9A-121CAEFFA892}.Release|Any CPU.Build.0 = Release|Any CPU
		{2CF858AD-C8E5-4B14-BF9A-121CAEFFA892}.Release|Mixed Platforms.ActiveCfg = Release|Any CPU
		{2CF858AD-C8E5-4B14-BF9A-121CAEFFA892}.Release|Mixed Platforms.Build.0 = Release|Any CPU
		{2CF858AD-C8E5-4B14-BF9A-121CAEFFA892}.Release|Win32.ActiveCfg = Release|Any CPU
		{74FC09F3-699A-4C5B-BBDD-4E18D713151B}.Debug|Any CPU.ActiveCfg = Debug|Any CPU
		{74FC09F3-699A-4C5B-BBDD-4E18D713151B}.Debug|Any CPU.Build.0 = Debug|Any CPU
		{74FC09F3-699A-4C5B-BBDD-4E18D713151B}.Debug|Mixed Platforms.ActiveCfg = Debug|Any CPU
		{74FC09F3-699A-4C5B-BBDD-4E18D713151B}.Debug|Mixed Platforms.Build.0 = Debug|Any CPU
		{74FC09F3-699A-4C5B-BBDD-4E18D713151B}.Debug|Win32.ActiveCfg = Debug|Any CPU
		{74FC09F3-699A-4C5B-BBDD-4E18D713151B}.Release|Any CPU.ActiveCfg = Release|Any CPU
		{74FC09F3-699A-4C5B-BBDD-4E18D713151B}.Release|Any CPU.Build.0 = Release|Any CPU
		{74FC09F3-699A-4C5B-BBDD-4E18D713151B}.Release|Mixed Platforms.ActiveCfg = Release|Any CPU
		{74FC09F3-699A-4C5B-BBDD-4E18D713151B}.Release|Mixed Platforms.Build.0 = Release|Any CPU
		{74FC09F3-699A-4C5B-BBDD-4E18D713151B}.Release|Win32.ActiveCfg = Release|Any CPU
		{3AF366C7-2D60-4EF9-8323-0B2DC9360237}.Debug|Any CPU.ActiveCfg = Debug|Any CPU
		{3AF366C7-2D60-4EF9-8323-0B2DC9360237}.Debug|Any CPU.Build.0 = Debug|Any CPU
		{3AF366C7-2D60-4EF9-8323-0B2DC9360237}.Debug|Mixed Platforms.ActiveCfg = Debug|Any CPU
		{3AF366C7-2D60-4EF9-8323-0B2DC9360237}.Debug|Mixed Platforms.Build.0 = Debug|Any CPU
		{3AF366C7-2D60-4EF9-8323-0B2DC9360237}.Debug|Win32.ActiveCfg = Debug|Any CPU
		{3AF366C7-2D60-4EF9-8323-0B2DC9360237}.Release|Any CPU.ActiveCfg = Release|Any CPU
		{3AF366C7-2D60-4EF9-8323-0B2DC9360237}.Release|Any CPU.Build.0 = Release|Any CPU
		{3AF366C7-2D60-4EF9-8323-0B2DC9360237}.Release|Mixed Platforms.ActiveCfg = Release|Any CPU
		{3AF366C7-2D60-4EF9-8323-0B2DC9360237}.Release|Mixed Platforms.Build.0 = Release|Any CPU
		{3AF366C7-2D60-4EF9-8323-0B2DC9360237}.Release|Win32.ActiveCfg = Release|Any CPU
		{AF379112-DE98-42B6-A916-19B501CC91E9}.Debug|Any CPU.ActiveCfg = Debug|Any CPU
		{AF379112-DE98-42B6-A916-19B501CC91E9}.Debug|Any CPU.Build.0 = Debug|Any CPU
		{AF379112-DE98-42B6-A916-19B501CC91E9}.Debug|Mixed Platforms.ActiveCfg = Debug|Any CPU
		{AF379112-DE98-42B6-A916-19B501CC91E9}.Debug|Mixed Platforms.Build.0 = Debug|Any CPU
		{AF379112-DE98-42B6-A916-19B501CC91E9}.Debug|Win32.ActiveCfg = Debug|Any CPU
		{AF379112-DE98-42B6-A916-19B501CC91E9}.Release|Any CPU.ActiveCfg = Release|Any CPU
		{AF379112-DE98-42B6-A916-19B501CC91E9}.Release|Any CPU.Build.0 = Release|Any CPU
		{AF379112-DE98-42B6-A916-19B501CC91E9}.Release|Mixed Platforms.ActiveCfg = Release|Any CPU
		{AF379112-DE98-42B6-A916-19B501CC91E9}.Release|Mixed Platforms.Build.0 = Release|Any CPU
		{AF379112-DE98-42B6-A916-19B501CC91E9}.Release|Win32.ActiveCfg = Release|Any CPU
		{A0D7B298-3967-40FB-A727-B2080EB8E369}.Debug|Any CPU.ActiveCfg = Debug|Any CPU
		{A0D7B298-3967-40FB-A727-B2080EB8E369}.Debug|Any CPU.Build.0 = Debug|Any CPU
		{A0D7B298-3967-40FB-A727-B2080EB8E369}.Debug|Mixed Platforms.ActiveCfg = Debug|Any CPU
		{A0D7B298-3967-40FB-A727-B2080EB8E369}.Debug|Mixed Platforms.Build.0 = Debug|Any CPU
		{A0D7B298-3967-40FB-A727-B2080EB8E369}.Debug|Win32.ActiveCfg = Debug|Any CPU
		{A0D7B298-3967-40FB-A727-B2080EB8E369}.Release|Any CPU.ActiveCfg = Release|Any CPU
		{A0D7B298-3967-40FB-A727-B2080EB8E369}.Release|Any CPU.Build.0 = Release|Any CPU
		{A0D7B298-3967-40FB-A727-B2080EB8E369}.Release|Mixed Platforms.ActiveCfg = Release|Any CPU
		{A0D7B298-3967-40FB-A727-B2080EB8E369}.Release|Mixed Platforms.Build.0 = Release|Any CPU
		{A0D7B298-3967-40FB-A727-B2080EB8E369}.Release|Win32.ActiveCfg = Release|Any CPU
		{F7A597DF-C652-4C23-AEF0-019FA3914FA6}.Debug|Any CPU.ActiveCfg = Debug|Any CPU
		{F7A597DF-C652-4C23-AEF0-019FA3914FA6}.Debug|Any CPU.Build.0 = Debug|Any CPU
		{F7A597DF-C652-4C23-AEF0-019FA3914FA6}.Debug|Mixed Platforms.ActiveCfg = Debug|Any CPU
		{F7A597DF-C652-4C23-AEF0-019FA3914FA6}.Debug|Mixed Platforms.Build.0 = Debug|Any CPU
		{F7A597DF-C652-4C23-AEF0-019FA3914FA6}.Debug|Win32.ActiveCfg = Debug|Any CPU
		{F7A597DF-C652-4C23-AEF0-019FA3914FA6}.Release|Any CPU.ActiveCfg = Release|Any CPU
		{F7A597DF-C652-4C23-AEF0-019FA3914FA6}.Release|Any CPU.Build.0 = Release|Any CPU
		{F7A597DF-C652-4C23-AEF0-019FA3914FA6}.Release|Mixed Platforms.ActiveCfg = Release|Any CPU
		{F7A597DF-C652-4C23-AEF0-019FA3914FA6}.Release|Mixed Platforms.Build.0 = Release|Any CPU
		{F7A597DF-C652-4C23-AEF0-019FA3914FA6}.Release|Win32.ActiveCfg = Release|Any CPU
		{9F186677-1FC6-43D4-BD32-71B4AEF1495C}.Debug|Any CPU.ActiveCfg = Debug|Any CPU
		{9F186677-1FC6-43D4-BD32-71B4AEF1495C}.Debug|Any CPU.Build.0 = Debug|Any CPU
		{9F186677-1FC6-43D4-BD32-71B4AEF1495C}.Debug|Mixed Platforms.ActiveCfg = Debug|Any CPU
		{9F186677-1FC6-43D4-BD32-71B4AEF1495C}.Debug|Mixed Platforms.Build.0 = Debug|Any CPU
		{9F186677-1FC6-43D4-BD32-71B4AEF1495C}.Debug|Win32.ActiveCfg = Debug|Any CPU
		{9F186677-1FC6-43D4-BD32-71B4AEF1495C}.Release|Any CPU.ActiveCfg = Release|Any CPU
		{9F186677-1FC6-43D4-BD32-71B4AEF1495C}.Release|Any CPU.Build.0 = Release|Any CPU
		{9F186677-1FC6-43D4-BD32-71B4AEF1495C}.Release|Mixed Platforms.ActiveCfg = Release|Any CPU
		{9F186677-1FC6-43D4-BD32-71B4AEF1495C}.Release|Mixed Platforms.Build.0 = Release|Any CPU
		{9F186677-1FC6-43D4-BD32-71B4AEF1495C}.Release|Win32.ActiveCfg = Release|Any CPU
		{2E8406AE-1457-4A19-A5F3-69905A9D6C69}.Debug|Any CPU.ActiveCfg = Debug|Any CPU
		{2E8406AE-1457-4A19-A5F3-69905A9D6C69}.Debug|Any CPU.Build.0 = Debug|Any CPU
		{2E8406AE-1457-4A19-A5F3-69905A9D6C69}.Debug|Mixed Platforms.ActiveCfg = Debug|Any CPU
		{2E8406AE-1457-4A19-A5F3-69905A9D6C69}.Debug|Mixed Platforms.Build.0 = Debug|Any CPU
		{2E8406AE-1457-4A19-A5F3-69905A9D6C69}.Debug|Win32.ActiveCfg = Debug|Any CPU
		{2E8406AE-1457-4A19-A5F3-69905A9D6C69}.Release|Any CPU.ActiveCfg = Release|Any CPU
		{2E8406AE-1457-4A19-A5F3-69905A9D6C69}.Release|Any CPU.Build.0 = Release|Any CPU
		{2E8406AE-1457-4A19-A5F3-69905A9D6C69}.Release|Mixed Platforms.ActiveCfg = Release|Any CPU
		{2E8406AE-1457-4A19-A5F3-69905A9D6C69}.Release|Mixed Platforms.Build.0 = Release|Any CPU
		{2E8406AE-1457-4A19-A5F3-69905A9D6C69}.Release|Win32.ActiveCfg = Release|Any CPU
		{3130E619-7961-49CC-9821-9296EFD7F283}.Debug|Any CPU.ActiveCfg = Debug|Any CPU
		{3130E619-7961-49CC-9821-9296EFD7F283}.Debug|Any CPU.Build.0 = Debug|Any CPU
		{3130E619-7961-49CC-9821-9296EFD7F283}.Debug|Mixed Platforms.ActiveCfg = Debug|Any CPU
		{3130E619-7961-49CC-9821-9296EFD7F283}.Debug|Mixed Platforms.Build.0 = Debug|Any CPU
		{3130E619-7961-49CC-9821-9296EFD7F283}.Debug|Win32.ActiveCfg = Debug|Any CPU
		{3130E619-7961-49CC-9821-9296EFD7F283}.Release|Any CPU.ActiveCfg = Release|Any CPU
		{3130E619-7961-49CC-9821-9296EFD7F283}.Release|Any CPU.Build.0 = Release|Any CPU
		{3130E619-7961-49CC-9821-9296EFD7F283}.Release|Mixed Platforms.ActiveCfg = Release|Any CPU
		{3130E619-7961-49CC-9821-9296EFD7F283}.Release|Mixed Platforms.Build.0 = Release|Any CPU
		{3130E619-7961-49CC-9821-9296EFD7F283}.Release|Win32.ActiveCfg = Release|Any CPU
		{8AA10C8E-2EB5-4EFA-8D01-DD119922D4A0}.Debug|Any CPU.ActiveCfg = Debug|Any CPU
		{8AA10C8E-2EB5-4EFA-8D01-DD119922D4A0}.Debug|Any CPU.Build.0 = Debug|Any CPU
		{8AA10C8E-2EB5-4EFA-8D01-DD119922D4A0}.Debug|Mixed Platforms.ActiveCfg = Debug|Any CPU
		{8AA10C8E-2EB5-4EFA-8D01-DD119922D4A0}.Debug|Mixed Platforms.Build.0 = Debug|Any CPU
		{8AA10C8E-2EB5-4EFA-8D01-DD119922D4A0}.Debug|Win32.ActiveCfg = Debug|Any CPU
		{8AA10C8E-2EB5-4EFA-8D01-DD119922D4A0}.Release|Any CPU.ActiveCfg = Release|Any CPU
		{8AA10C8E-2EB5-4EFA-8D01-DD119922D4A0}.Release|Any CPU.Build.0 = Release|Any CPU
		{8AA10C8E-2EB5-4EFA-8D01-DD119922D4A0}.Release|Mixed Platforms.ActiveCfg = Release|Any CPU
		{8AA10C8E-2EB5-4EFA-8D01-DD119922D4A0}.Release|Mixed Platforms.Build.0 = Release|Any CPU
		{8AA10C8E-2EB5-4EFA-8D01-DD119922D4A0}.Release|Win32.ActiveCfg = Release|Any CPU
		{ED6FB7F2-383D-4406-8764-41B9B1458FAA}.Debug|Any CPU.ActiveCfg = Debug|Any CPU
		{ED6FB7F2-383D-4406-8764-41B9B1458FAA}.Debug|Any CPU.Build.0 = Debug|Any CPU
		{ED6FB7F2-383D-4406-8764-41B9B1458FAA}.Debug|Mixed Platforms.ActiveCfg = Debug|Any CPU
		{ED6FB7F2-383D-4406-8764-41B9B1458FAA}.Debug|Mixed Platforms.Build.0 = Debug|Any CPU
		{ED6FB7F2-383D-4406-8764-41B9B1458FAA}.Debug|Win32.ActiveCfg = Debug|Any CPU
		{ED6FB7F2-383D-4406-8764-41B9B1458FAA}.Release|Any CPU.ActiveCfg = Release|Any CPU
		{ED6FB7F2-383D-4406-8764-41B9B1458FAA}.Release|Any CPU.Build.0 = Release|Any CPU
		{ED6FB7F2-383D-4406-8764-41B9B1458FAA}.Release|Mixed Platforms.ActiveCfg = Release|Any CPU
		{ED6FB7F2-383D-4406-8764-41B9B1458FAA}.Release|Mixed Platforms.Build.0 = Release|Any CPU
		{ED6FB7F2-383D-4406-8764-41B9B1458FAA}.Release|Win32.ActiveCfg = Release|Any CPU
		{F774BB2B-8B2B-4E57-B7B0-E9DFE9B6FE09}.Debug|Any CPU.ActiveCfg = Debug|Any CPU
		{F774BB2B-8B2B-4E57-B7B0-E9DFE9B6FE09}.Debug|Any CPU.Build.0 = Debug|Any CPU
		{F774BB2B-8B2B-4E57-B7B0-E9DFE9B6FE09}.Debug|Mixed Platforms.ActiveCfg = Debug|Any CPU
		{F774BB2B-8B2B-4E57-B7B0-E9DFE9B6FE09}.Debug|Mixed Platforms.Build.0 = Debug|Any CPU
		{F774BB2B-8B2B-4E57-B7B0-E9DFE9B6FE09}.Debug|Win32.ActiveCfg = Debug|Any CPU
		{F774BB2B-8B2B-4E57-B7B0-E9DFE9B6FE09}.Release|Any CPU.ActiveCfg = Release|Any CPU
		{F774BB2B-8B2B-4E57-B7B0-E9DFE9B6FE09}.Release|Any CPU.Build.0 = Release|Any CPU
		{F774BB2B-8B2B-4E57-B7B0-E9DFE9B6FE09}.Release|Mixed Platforms.ActiveCfg = Release|Any CPU
		{F774BB2B-8B2B-4E57-B7B0-E9DFE9B6FE09}.Release|Mixed Platforms.Build.0 = Release|Any CPU
		{F774BB2B-8B2B-4E57-B7B0-E9DFE9B6FE09}.Release|Win32.ActiveCfg = Release|Any CPU
		{05B52D44-FD0A-425D-9207-FEEEFEE37A30}.Debug|Any CPU.ActiveCfg = Debug|Any CPU
		{05B52D44-FD0A-425D-9207-FEEEFEE37A30}.Debug|Any CPU.Build.0 = Debug|Any CPU
		{05B52D44-FD0A-425D-9207-FEEEFEE37A30}.Debug|Mixed Platforms.ActiveCfg = Debug|Any CPU
		{05B52D44-FD0A-425D-9207-FEEEFEE37A30}.Debug|Mixed Platforms.Build.0 = Debug|Any CPU
		{05B52D44-FD0A-425D-9207-FEEEFEE37A30}.Debug|Win32.ActiveCfg = Debug|Any CPU
		{05B52D44-FD0A-425D-9207-FEEEFEE37A30}.Release|Any CPU.ActiveCfg = Release|Any CPU
		{05B52D44-FD0A-425D-9207-FEEEFEE37A30}.Release|Any CPU.Build.0 = Release|Any CPU
		{05B52D44-FD0A-425D-9207-FEEEFEE37A30}.Release|Mixed Platforms.ActiveCfg = Release|Any CPU
		{05B52D44-FD0A-425D-9207-FEEEFEE37A30}.Release|Mixed Platforms.Build.0 = Release|Any CPU
		{05B52D44-FD0A-425D-9207-FEEEFEE37A30}.Release|Win32.ActiveCfg = Release|Any CPU
		{6E97280E-F977-483A-AD8F-B68939E5122D}.Debug|Any CPU.ActiveCfg = Debug|Any CPU
		{6E97280E-F977-483A-AD8F-B68939E5122D}.Debug|Any CPU.Build.0 = Debug|Any CPU
		{6E97280E-F977-483A-AD8F-B68939E5122D}.Debug|Mixed Platforms.ActiveCfg = Debug|Any CPU
		{6E97280E-F977-483A-AD8F-B68939E5122D}.Debug|Mixed Platforms.Build.0 = Debug|Any CPU
		{6E97280E-F977-483A-AD8F-B68939E5122D}.Debug|Win32.ActiveCfg = Debug|Any CPU
		{6E97280E-F977-483A-AD8F-B68939E5122D}.Release|Any CPU.ActiveCfg = Release|Any CPU
		{6E97280E-F977-483A-AD8F-B68939E5122D}.Release|Any CPU.Build.0 = Release|Any CPU
		{6E97280E-F977-483A-AD8F-B68939E5122D}.Release|Mixed Platforms.ActiveCfg = Release|Any CPU
		{6E97280E-F977-483A-AD8F-B68939E5122D}.Release|Mixed Platforms.Build.0 = Release|Any CPU
		{6E97280E-F977-483A-AD8F-B68939E5122D}.Release|Win32.ActiveCfg = Release|Any CPU
		{6D86E05D-A392-4682-9B24-356FE79EF753}.Debug|Any CPU.ActiveCfg = Debug|Any CPU
		{6D86E05D-A392-4682-9B24-356FE79EF753}.Debug|Any CPU.Build.0 = Debug|Any CPU
		{6D86E05D-A392-4682-9B24-356FE79EF753}.Debug|Mixed Platforms.ActiveCfg = Debug|Any CPU
		{6D86E05D-A392-4682-9B24-356FE79EF753}.Debug|Mixed Platforms.Build.0 = Debug|Any CPU
		{6D86E05D-A392-4682-9B24-356FE79EF753}.Debug|Win32.ActiveCfg = Debug|Any CPU
		{6D86E05D-A392-4682-9B24-356FE79EF753}.Release|Any CPU.ActiveCfg = Release|Any CPU
		{6D86E05D-A392-4682-9B24-356FE79EF753}.Release|Any CPU.Build.0 = Release|Any CPU
		{6D86E05D-A392-4682-9B24-356FE79EF753}.Release|Mixed Platforms.ActiveCfg = Release|Any CPU
		{6D86E05D-A392-4682-9B24-356FE79EF753}.Release|Mixed Platforms.Build.0 = Release|Any CPU
		{6D86E05D-A392-4682-9B24-356FE79EF753}.Release|Win32.ActiveCfg = Release|Any CPU
		{7D452071-0D50-45C1-A9FF-F20FC422013E}.Debug|Any CPU.ActiveCfg = Debug|Any CPU
		{7D452071-0D50-45C1-A9FF-F20FC422013E}.Debug|Any CPU.Build.0 = Debug|Any CPU
		{7D452071-0D50-45C1-A9FF-F20FC422013E}.Debug|Mixed Platforms.ActiveCfg = Debug|Any CPU
		{7D452071-0D50-45C1-A9FF-F20FC422013E}.Debug|Mixed Platforms.Build.0 = Debug|Any CPU
		{7D452071-0D50-45C1-A9FF-F20FC422013E}.Debug|Win32.ActiveCfg = Debug|Any CPU
		{7D452071-0D50-45C1-A9FF-F20FC422013E}.Release|Any CPU.ActiveCfg = Release|Any CPU
		{7D452071-0D50-45C1-A9FF-F20FC422013E}.Release|Any CPU.Build.0 = Release|Any CPU
		{7D452071-0D50-45C1-A9FF-F20FC422013E}.Release|Mixed Platforms.ActiveCfg = Release|Any CPU
		{7D452071-0D50-45C1-A9FF-F20FC422013E}.Release|Mixed Platforms.Build.0 = Release|Any CPU
		{7D452071-0D50-45C1-A9FF-F20FC422013E}.Release|Win32.ActiveCfg = Release|Any CPU
		{16DAC1E3-9209-461B-8A6A-F22C21D7B45B}.Debug|Any CPU.ActiveCfg = Debug|Any CPU
		{16DAC1E3-9209-461B-8A6A-F22C21D7B45B}.Debug|Any CPU.Build.0 = Debug|Any CPU
		{16DAC1E3-9209-461B-8A6A-F22C21D7B45B}.Debug|Mixed Platforms.ActiveCfg = Debug|Any CPU
		{16DAC1E3-9209-461B-8A6A-F22C21D7B45B}.Debug|Mixed Platforms.Build.0 = Debug|Any CPU
		{16DAC1E3-9209-461B-8A6A-F22C21D7B45B}.Debug|Win32.ActiveCfg = Debug|Any CPU
		{16DAC1E3-9209-461B-8A6A-F22C21D7B45B}.Release|Any CPU.ActiveCfg = Release|Any CPU
		{16DAC1E3-9209-461B-8A6A-F22C21D7B45B}.Release|Any CPU.Build.0 = Release|Any CPU
		{16DAC1E3-9209-461B-8A6A-F22C21D7B45B}.Release|Mixed Platforms.ActiveCfg = Release|Any CPU
		{16DAC1E3-9209-461B-8A6A-F22C21D7B45B}.Release|Mixed Platforms.Build.0 = Release|Any CPU
		{16DAC1E3-9209-461B-8A6A-F22C21D7B45B}.Release|Win32.ActiveCfg = Release|Any CPU
		{023DD4BF-1355-4BD9-8A03-07797A176D96}.Debug|Any CPU.ActiveCfg = Debug|Any CPU
		{023DD4BF-1355-4BD9-8A03-07797A176D96}.Debug|Any CPU.Build.0 = Debug|Any CPU
		{023DD4BF-1355-4BD9-8A03-07797A176D96}.Debug|Mixed Platforms.ActiveCfg = Debug|Any CPU
		{023DD4BF-1355-4BD9-8A03-07797A176D96}.Debug|Mixed Platforms.Build.0 = Debug|Any CPU
		{023DD4BF-1355-4BD9-8A03-07797A176D96}.Debug|Win32.ActiveCfg = Debug|Any CPU
		{023DD4BF-1355-4BD9-8A03-07797A176D96}.Release|Any CPU.ActiveCfg = Release|Any CPU
		{023DD4BF-1355-4BD9-8A03-07797A176D96}.Release|Any CPU.Build.0 = Release|Any CPU
		{023DD4BF-1355-4BD9-8A03-07797A176D96}.Release|Mixed Platforms.ActiveCfg = Release|Any CPU
		{023DD4BF-1355-4BD9-8A03-07797A176D96}.Release|Mixed Platforms.Build.0 = Release|Any CPU
		{023DD4BF-1355-4BD9-8A03-07797A176D96}.Release|Win32.ActiveCfg = Release|Any CPU
		{998E0344-8542-498E-823C-AA7E35948A26}.Debug|Any CPU.ActiveCfg = Debug|Any CPU
		{998E0344-8542-498E-823C-AA7E35948A26}.Debug|Any CPU.Build.0 = Debug|Any CPU
		{998E0344-8542-498E-823C-AA7E35948A26}.Debug|Mixed Platforms.ActiveCfg = Debug|Any CPU
		{998E0344-8542-498E-823C-AA7E35948A26}.Debug|Mixed Platforms.Build.0 = Debug|Any CPU
		{998E0344-8542-498E-823C-AA7E35948A26}.Debug|Win32.ActiveCfg = Debug|Any CPU
		{998E0344-8542-498E-823C-AA7E35948A26}.Release|Any CPU.ActiveCfg = Release|Any CPU
		{998E0344-8542-498E-823C-AA7E35948A26}.Release|Any CPU.Build.0 = Release|Any CPU
		{998E0344-8542-498E-823C-AA7E35948A26}.Release|Mixed Platforms.ActiveCfg = Release|Any CPU
		{998E0344-8542-498E-823C-AA7E35948A26}.Release|Mixed Platforms.Build.0 = Release|Any CPU
		{998E0344-8542-498E-823C-AA7E35948A26}.Release|Win32.ActiveCfg = Release|Any CPU
		{E85CF2E9-5121-49FC-A33E-20751E26E78F}.Debug|Any CPU.ActiveCfg = Debug|Any CPU
		{E85CF2E9-5121-49FC-A33E-20751E26E78F}.Debug|Any CPU.Build.0 = Debug|Any CPU
		{E85CF2E9-5121-49FC-A33E-20751E26E78F}.Debug|Mixed Platforms.ActiveCfg = Debug|Any CPU
		{E85CF2E9-5121-49FC-A33E-20751E26E78F}.Debug|Mixed Platforms.Build.0 = Debug|Any CPU
		{E85CF2E9-5121-49FC-A33E-20751E26E78F}.Debug|Win32.ActiveCfg = Debug|Any CPU
		{E85CF2E9-5121-49FC-A33E-20751E26E78F}.Release|Any CPU.ActiveCfg = Release|Any CPU
		{E85CF2E9-5121-49FC-A33E-20751E26E78F}.Release|Any CPU.Build.0 = Release|Any CPU
		{E85CF2E9-5121-49FC-A33E-20751E26E78F}.Release|Mixed Platforms.ActiveCfg = Release|Any CPU
		{E85CF2E9-5121-49FC-A33E-20751E26E78F}.Release|Mixed Platforms.Build.0 = Release|Any CPU
		{E85CF2E9-5121-49FC-A33E-20751E26E78F}.Release|Win32.ActiveCfg = Release|Any CPU
		{45D887F1-8EA3-4471-947B-240F68528ACE}.Debug|Any CPU.ActiveCfg = Debug|Any CPU
		{45D887F1-8EA3-4471-947B-240F68528ACE}.Debug|Any CPU.Build.0 = Debug|Any CPU
		{45D887F1-8EA3-4471-947B-240F68528ACE}.Debug|Mixed Platforms.ActiveCfg = Debug|Any CPU
		{45D887F1-8EA3-4471-947B-240F68528ACE}.Debug|Mixed Platforms.Build.0 = Debug|Any CPU
		{45D887F1-8EA3-4471-947B-240F68528ACE}.Debug|Win32.ActiveCfg = Debug|Any CPU
		{45D887F1-8EA3-4471-947B-240F68528ACE}.Release|Any CPU.ActiveCfg = Release|Any CPU
		{45D887F1-8EA3-4471-947B-240F68528ACE}.Release|Any CPU.Build.0 = Release|Any CPU
		{45D887F1-8EA3-4471-947B-240F68528ACE}.Release|Mixed Platforms.ActiveCfg = Release|Any CPU
		{45D887F1-8EA3-4471-947B-240F68528ACE}.Release|Mixed Platforms.Build.0 = Release|Any CPU
		{45D887F1-8EA3-4471-947B-240F68528ACE}.Release|Win32.ActiveCfg = Release|Any CPU
		{B0D4262E-0E17-454D-8CE1-83300E5F2035}.Debug|Any CPU.ActiveCfg = Debug|Any CPU
		{B0D4262E-0E17-454D-8CE1-83300E5F2035}.Debug|Any CPU.Build.0 = Debug|Any CPU
		{B0D4262E-0E17-454D-8CE1-83300E5F2035}.Debug|Mixed Platforms.ActiveCfg = Debug|Any CPU
		{B0D4262E-0E17-454D-8CE1-83300E5F2035}.Debug|Mixed Platforms.Build.0 = Debug|Any CPU
		{B0D4262E-0E17-454D-8CE1-83300E5F2035}.Debug|Win32.ActiveCfg = Debug|Any CPU
		{B0D4262E-0E17-454D-8CE1-83300E5F2035}.Release|Any CPU.ActiveCfg = Release|Any CPU
		{B0D4262E-0E17-454D-8CE1-83300E5F2035}.Release|Any CPU.Build.0 = Release|Any CPU
		{B0D4262E-0E17-454D-8CE1-83300E5F2035}.Release|Mixed Platforms.ActiveCfg = Release|Any CPU
		{B0D4262E-0E17-454D-8CE1-83300E5F2035}.Release|Mixed Platforms.Build.0 = Release|Any CPU
		{B0D4262E-0E17-454D-8CE1-83300E5F2035}.Release|Win32.ActiveCfg = Release|Any CPU
		{5DA255DE-1BEF-4FAB-9702-4385C9C75A5F}.Debug|Any CPU.ActiveCfg = Debug|Any CPU
		{5DA255DE-1BEF-4FAB-9702-4385C9C75A5F}.Debug|Any CPU.Build.0 = Debug|Any CPU
		{5DA255DE-1BEF-4FAB-9702-4385C9C75A5F}.Debug|Mixed Platforms.ActiveCfg = Debug|Any CPU
		{5DA255DE-1BEF-4FAB-9702-4385C9C75A5F}.Debug|Mixed Platforms.Build.0 = Debug|Any CPU
		{5DA255DE-1BEF-4FAB-9702-4385C9C75A5F}.Debug|Win32.ActiveCfg = Debug|Any CPU
		{5DA255DE-1BEF-4FAB-9702-4385C9C75A5F}.Release|Any CPU.ActiveCfg = Release|Any CPU
		{5DA255DE-1BEF-4FAB-9702-4385C9C75A5F}.Release|Any CPU.Build.0 = Release|Any CPU
		{5DA255DE-1BEF-4FAB-9702-4385C9C75A5F}.Release|Mixed Platforms.ActiveCfg = Release|Any CPU
		{5DA255DE-1BEF-4FAB-9702-4385C9C75A5F}.Release|Mixed Platforms.Build.0 = Release|Any CPU
		{5DA255DE-1BEF-4FAB-9702-4385C9C75A5F}.Release|Win32.ActiveCfg = Release|Any CPU
		{69AE38F8-5117-4D64-BB8E-09B49B63AA36}.Debug|Any CPU.ActiveCfg = Debug|Any CPU
		{69AE38F8-5117-4D64-BB8E-09B49B63AA36}.Debug|Any CPU.Build.0 = Debug|Any CPU
		{69AE38F8-5117-4D64-BB8E-09B49B63AA36}.Debug|Mixed Platforms.ActiveCfg = Debug|Any CPU
		{69AE38F8-5117-4D64-BB8E-09B49B63AA36}.Debug|Mixed Platforms.Build.0 = Debug|Any CPU
		{69AE38F8-5117-4D64-BB8E-09B49B63AA36}.Debug|Win32.ActiveCfg = Debug|Any CPU
		{69AE38F8-5117-4D64-BB8E-09B49B63AA36}.Release|Any CPU.ActiveCfg = Release|Any CPU
		{69AE38F8-5117-4D64-BB8E-09B49B63AA36}.Release|Any CPU.Build.0 = Release|Any CPU
		{69AE38F8-5117-4D64-BB8E-09B49B63AA36}.Release|Mixed Platforms.ActiveCfg = Release|Any CPU
		{69AE38F8-5117-4D64-BB8E-09B49B63AA36}.Release|Mixed Platforms.Build.0 = Release|Any CPU
		{69AE38F8-5117-4D64-BB8E-09B49B63AA36}.Release|Win32.ActiveCfg = Release|Any CPU
		{F5BA7631-75D8-4286-A7EA-090FD83789D3}.Debug|Any CPU.ActiveCfg = Debug|Any CPU
		{F5BA7631-75D8-4286-A7EA-090FD83789D3}.Debug|Any CPU.Build.0 = Debug|Any CPU
		{F5BA7631-75D8-4286-A7EA-090FD83789D3}.Debug|Mixed Platforms.ActiveCfg = Debug|Any CPU
		{F5BA7631-75D8-4286-A7EA-090FD83789D3}.Debug|Mixed Platforms.Build.0 = Debug|Any CPU
		{F5BA7631-75D8-4286-A7EA-090FD83789D3}.Debug|Win32.ActiveCfg = Debug|Any CPU
		{F5BA7631-75D8-4286-A7EA-090FD83789D3}.Release|Any CPU.ActiveCfg = Release|Any CPU
		{F5BA7631-75D8-4286-A7EA-090FD83789D3}.Release|Any CPU.Build.0 = Release|Any CPU
		{F5BA7631-75D8-4286-A7EA-090FD83789D3}.Release|Mixed Platforms.ActiveCfg = Release|Any CPU
		{F5BA7631-75D8-4286-A7EA-090FD83789D3}.Release|Mixed Platforms.Build.0 = Release|Any CPU
		{F5BA7631-75D8-4286-A7EA-090FD83789D3}.Release|Win32.ActiveCfg = Release|Any CPU
		{90A39003-3F75-4A45-94A1-A11BB33A3E12}.Debug|Any CPU.ActiveCfg = Debug|Any CPU
		{90A39003-3F75-4A45-94A1-A11BB33A3E12}.Debug|Any CPU.Build.0 = Debug|Any CPU
		{90A39003-3F75-4A45-94A1-A11BB33A3E12}.Debug|Mixed Platforms.ActiveCfg = Debug|Any CPU
		{90A39003-3F75-4A45-94A1-A11BB33A3E12}.Debug|Mixed Platforms.Build.0 = Debug|Any CPU
		{90A39003-3F75-4A45-94A1-A11BB33A3E12}.Debug|Win32.ActiveCfg = Debug|Any CPU
		{90A39003-3F75-4A45-94A1-A11BB33A3E12}.Release|Any CPU.ActiveCfg = Release|Any CPU
		{90A39003-3F75-4A45-94A1-A11BB33A3E12}.Release|Any CPU.Build.0 = Release|Any CPU
		{90A39003-3F75-4A45-94A1-A11BB33A3E12}.Release|Mixed Platforms.ActiveCfg = Release|Any CPU
		{90A39003-3F75-4A45-94A1-A11BB33A3E12}.Release|Mixed Platforms.Build.0 = Release|Any CPU
		{90A39003-3F75-4A45-94A1-A11BB33A3E12}.Release|Win32.ActiveCfg = Release|Any CPU
	EndGlobalSection
	GlobalSection(SolutionProperties) = preSolution
		HideSolutionNode = FALSE
	EndGlobalSection
EndGlobal
